Mirror in progress since Fri, 14 Aug 2015 13:38:12 .. please wait!
webhttrack -q -%i -w http://blog.miguelgrinberg.com/post/the-flask-mega-tutorial-part-i-hello-world -O "/home/faji/websites/python_flask" -n -%P -N0 -s2 -p7 -D -a -K0 -c4 -%k -A25000 -F "Mozilla/4.5 (compatible; HTTrack 3.0x; Windows 98)" -%F "<!-- Mirrored from %s%s by HTTrack Website Copier/3.x [XR&CO'2014], %s -->" +*.png +*.gif +*.jpg +*.jpeg +*.css +*.js -ad.doubleclick.net/* -%s -%u 
To pause the engine: create an empty file named 'hts-stop.lock'
PID=4503
UID=1000
GID=1000
START=1439530692
